// !$*UTF8*$!
{
	archiveVersion = 1;
	classes = {
	};
	objectVersion = 55;
	objects = {

/* Begin PBXBuildFile section */
		1B9303D927421EFE00DB88D1 /* SwiftUI_Toast_popup_tutorial__10App.swift in Sources */ = {isa = PBXBuildFile; fileRef = 1B9303D827421EFE00DB88D1 /* SwiftUI_Toast_popup_tutorial__10App.swift */; };
		1B9303DB27421EFE00DB88D1 /* ContentView.swift in Sources */ = {isa = PBXBuildFile; fileRef = 1B9303DA27421EFE00DB88D1 /* ContentView.swift */; };
		1B9303DD27421F0200DB88D1 /* Assets.xcassets in Resources */ = {isa = PBXBuildFile; fileRef = 1B9303DC27421F0200DB88D1 /* Assets.xcassets */; };
		1B9303E027421F0200DB88D1 /* Preview Assets.xcassets in Resources */ = {isa = PBXBuildFile; fileRef = 1B9303DF27421F0200DB88D1 /* Preview Assets.xcassets */; };
		1BC1537F27437AF000696014 /* Extenstions.swift in Sources */ = {isa = PBXBuildFile; fileRef = 1BC1537E27437AF000696014 /* Extenstions.swift */; };
		57BF1B2F1A559C9651A8E72C /* Pods_SwiftUI_Toast_popup_tutorial__10.framework in Frameworks */ = {isa = PBXBuildFile; fileRef = 47DE12A075F6DFDCA3B3F8BD /* Pods_SwiftUI_Toast_popup_tutorial__10.framework */; };
/* End PBXBuildFile section */

/* Begin PBXFileReference section */
		1B9303D527421EFE00DB88D1 /* SwiftUI_Toast_popup_tutorial_#10.app */ = {isa = PBXFileReference; explicitFileType = wrapper.application; includeInIndex = 0; path = "SwiftUI_Toast_popup_tutorial_#10.app"; sourceTree = BUILT_PRODUCTS_DIR; };
		1B9303D827421EFE00DB88D1 /* SwiftUI_Toast_popup_tutorial__10App.swift */ = {isa = PBXFileReference; lastKnownFileType = sourcecode.swift; path = SwiftUI_Toast_popup_tutorial__10App.swift; sourceTree = "<group>"; };
		1B9303DA27421EFE00DB88D1 /* ContentView.swift */ = {isa = PBXFileReference; lastKnownFileType = sourcecode.swift; path = ContentView.swift; sourceTree = "<group>"; };
		1B9303DC27421F0200DB88D1 /* Assets.xcassets */ = {isa = PBXFileReference; lastKnownFileType = folder.assetcatalog; path = Assets.xcassets; sourceTree = "<group>"; };
		1B9303DF27421F0200DB88D1 /* Preview Assets.xcassets */ = {isa = PBXFileReference; lastKnownFileType = folder.assetcatalog; path = "Preview Assets.xcassets"; sourceTree = "<group>"; };
		1BC1537E27437AF000696014 /* Extenstions.swift */ = {isa = PBXFileReference; lastKnownFileType = sourcecode.swift; path = Extenstions.swift; sourceTree = "<group>"; };
		47DE12A075F6DFDCA3B3F8BD /* Pods_SwiftUI_Toast_popup_tutorial__10.framework */ = {isa = PBXFileReference; explicitFileType = wrapper.framework; includeInIndex = 0; path = Pods_SwiftUI_Toast_popup_tutorial__10.framework; sourceTree = BUILT_PRODUCTS_DIR; };
		6BF9EE656C522B2FB93AF6B5 /* Pods-SwiftUI_Toast_popup_tutorial_#10.release.xcconfig */ = {isa = PBXFileReference; includeInIndex = 1; lastKnownFileType = text.xcconfig; name = "Pods-SwiftUI_Toast_popup_tutorial_#10.release.xcconfig"; path = "Target Support Files/Pods-SwiftUI_Toast_popup_tutorial_#10/Pods-SwiftUI_Toast_popup_tutorial_#10.release.xcconfig"; sourceTree = "<group>"; };
		D892A94284FCE159A3686884 /* Pods-SwiftUI_Toast_popup_tutorial_#10.debug.xcconfig */ = {isa = PBXFileReference; includeInIndex = 1; lastKnownFileType = text.xcconfig; name = "Pods-SwiftUI_Toast_popup_tutorial_#10.debug.xcconfig"; path = "Target Support Files/Pods-SwiftUI_Toast_popup_tutorial_#10/Pods-SwiftUI_Toast_popup_tutorial_#10.debug.xcconfig"; sourceTree = "<group>"; };
/* End PBXFileReference section */

/* Begin PBXFrameworksBuildPhase section */
		1B9303D227421EFE00DB88D1 /* Frameworks */ = {
			isa = PBXFrameworksBuildPhase;
			buildActionMask = 2147483647;
			files = (
				57BF1B2F1A559C9651A8E72C /* Pods_SwiftUI_Toast_popup_tutorial__10.framework in Frameworks */,
			);
			runOnlyForDeploymentPostprocessing = 0;
		};
/* End PBXFrameworksBuildPhase section */

/* Begin PBXGroup section */
		1B9303CC27421EFE00DB88D1 = {
			isa = PBXGroup;
			children = (
				1B9303D727421EFE00DB88D1 /* SwiftUI_Toast_popup_tutorial_#10 */,
				1B9303D627421EFE00DB88D1 /* Products */,
				AFAAF470C559D283A4DBE156 /* Pods */,
				DBD2F343CD377CF07A500409 /* Frameworks */,
			);
			sourceTree = "<group>";
		};
		1B9303D627421EFE00DB88D1 /* Products */ = {
			isa = PBXGroup;
			children = (
				1B9303D527421EFE00DB88D1 /* SwiftUI_Toast_popup_tutorial_#10.app */,
			);
			name = Products;
			sourceTree = "<group>";
		};
		1B9303D727421EFE00DB88D1 /* SwiftUI_Toast_popup_tutorial_#10 */ = {
			isa = PBXGroup;
			children = (
				1B9303D827421EFE00DB88D1 /* SwiftUI_Toast_popup_tutorial__10App.swift */,
				1B9303DA27421EFE00DB88D1 /* ContentView.swift */,
				1BC1537E27437AF000696014 /* Extenstions.swift */,
				1B9303DC27421F0200DB88D1 /* Assets.xcassets */,
				1B9303DE27421F0200DB88D1 /* Preview Content */,
			);
			path = "SwiftUI_Toast_popup_tutorial_#10";
			sourceTree = "<group>";
		};
		1B9303DE27421F0200DB88D1 /* Preview Content */ = {
			isa = PBXGroup;
			children = (
				1B9303DF27421F0200DB88D1 /* Preview Assets.xcassets */,
			);
			path = "Preview Content";
			sourceTree = "<group>";
		};
		AFAAF470C559D283A4DBE156 /* Pods */ = {
			isa = PBXGroup;
			children = (
				D892A94284FCE159A3686884 /* Pods-SwiftUI_Toast_popup_tutorial_#10.debug.xcconfig */,
				6BF9EE656C522B2FB93AF6B5 /* Pods-SwiftUI_Toast_popup_tutorial_#10.release.xcconfig */,
			);
			path = Pods;
			sourceTree = "<group>";
		};
		DBD2F343CD377CF07A500409 /* Frameworks */ = {
			isa = PBXGroup;
			children = (
				47DE12A075F6DFDCA3B3F8BD /* Pods_SwiftUI_Toast_popup_tutorial__10.framework */,
			);
			name = Frameworks;
			sourceTree = "<group>";
		};
/* End PBXGroup section */

/* Begin PBXNativeTarget section */
		1B9303D427421EFE00DB88D1 /* SwiftUI_Toast_popup_tutorial_#10 */ = {
			isa = PBXNativeTarget;
			buildConfigurationList = 1B9303E327421F0200DB88D1 /* Build configuration list for PBXNativeTarget "SwiftUI_Toast_popup_tutorial_#10" */;
			buildPhases = (
				59080A2F3662D2CE43F54106 /* [CP] Check Pods Manifest.lock */,
				1B9303D127421EFE00DB88D1 /* Sources */,
				1B9303D227421EFE00DB88D1 /* Frameworks */,
				1B9303D327421EFE00DB88D1 /* Resources */,
				794055F889BCF1C68BD13062 /* [CP] Embed Pods Frameworks */,
			);
			buildRules = (
			);
			dependencies = (
			);
			name = "SwiftUI_Toast_popup_tutorial_#10";
			productName = "SwiftUI_Toast_popup_tutorial_#10";
			productReference = 1B9303D527421EFE00DB88D1 /* SwiftUI_Toast_popup_tutorial_#10.app */;
			productType = "com.apple.product-type.application";
		};
/* End PBXNativeTarget section */

/* Begin PBXProject section */
		1B9303CD27421EFE00DB88D1 /* Project object */ = {
			isa = PBXProject;
			attributes = {
				BuildIndependentTargetsInParallel = 1;
				LastSwiftUpdateCheck = 1310;
				LastUpgradeCheck = 1310;
				TargetAttributes = {
					1B9303D427421EFE00DB88D1 = {
						CreatedOnToolsVersion = 13.1;
					};
				};
			};
			buildConfigurationList = 1B9303D027421EFE00DB88D1 /* Build configuration list for PBXProject "SwiftUI_Toast_popup_tutorial_#10" */;
			compatibilityVersion = "Xcode 13.0";
			developmentRegion = en;
			hasScannedForEncodings = 0;
			knownRegions = (
				en,
				Base,
			);
			mainGroup = 1B9303CC27421EFE00DB88D1;
			productRefGroup = 1B9303D627421EFE00DB88D1 /* Products */;
			projectDirPath = "";
			projectRoot = "";
			targets = (
				1B9303D427421EFE00DB88D1 /* SwiftUI_Toast_popup_tutorial_#10 */,
			);
		};
/* End PBXProject section */

/* Begin PBXResourcesBuildPhase section */
		1B9303D327421EFE00DB88D1 /* Resources */ = {
			isa = PBXResourcesBuildPhase;
			buildActionMask = 2147483647;
			files = (
				1B9303E027421F0200DB88D1 /* Preview Assets.xcassets in Resources */,
				1B9303DD27421F0200DB88D1 /* Assets.xcassets in Resources */,
			);
			runOnlyForDeploymentPostprocessing = 0;
		};
/* End PBXResourcesBuildPhase section */

/* Begin PBXShellScriptBuildPhase section */
		59080A2F3662D2CE43F54106 /* [CP] Check Pods Manifest.lock */ = {
			isa = PBXShellScriptBuildPhase;
			buildActionMask = 2147483647;
			files = (
			);
			inputFileListPaths = (
			);
			inputPaths = (
				"${PODS_PODFILE_DIR_PATH}/Podfile.lock",
				"${PODS_ROOT}/Manifest.lock",
			);
			name = "[CP] Check Pods Manifest.lock";
			outputFileListPaths = (
			);
			outputPaths = (
				"$(DERIVED_FILE_DIR)/Pods-SwiftUI_Toast_popup_tutorial_#10-checkManifestLockResult.txt",
			);
			runOnlyForDeploymentPostprocessing = 0;
			shellPath = /bin/sh;
			shellScript = "diff \"${PODS_PODFILE_DIR_PATH}/Podfile.lock\" \"${PODS_ROOT}/Manifest.lock\" > /dev/null\nif [ $? != 0 ] ; then\n    # print error to STDERR\n    echo \"error: The sandbox is not in sync with the Podfile.lock. Run 'pod install' or update your CocoaPods installation.\" >&2\n    exit 1\nfi\n# This output is used by Xcode 'outputs' to avoid re-running this script phase.\necho \"SUCCESS\" > \"${SCRIPT_OUTPUT_FILE_0}\"\n";
			showEnvVarsInLog = 0;
		};
		794055F889BCF1C68BD13062 /* [CP] Embed Pods Frameworks */ = {
			isa = PBXShellScriptBuildPhase;
			buildActionMask = 2147483647;
			files = (
			);
			inputFileListPaths = (
				"${PODS_ROOT}/Target Support Files/Pods-SwiftUI_Toast_popup_tutorial_#10/Pods-SwiftUI_Toast_popup_tutorial_#10-frameworks-${CONFIGURATION}-input-files.xcfilelist",
			);
			name = "[CP] Embed Pods Frameworks";
			outputFileListPaths = (
				"${PODS_ROOT}/Target Support Files/Pods-SwiftUI_Toast_popup_tutorial_#10/Pods-SwiftUI_Toast_popup_tutorial_#10-frameworks-${CONFIGURATION}-output-files.xcfilelist",
			);
			runOnlyForDeploymentPostprocessing = 0;
			shellPath = /bin/sh;
			shellScript = "\"${PODS_ROOT}/Target Support Files/Pods-SwiftUI_Toast_popup_tutorial_#10/Pods-SwiftUI_Toast_popup_tutorial_#10-frameworks.sh\"\n";
			showEnvVarsInLog = 0;
		};
/* End PBXShellScriptBuildPhase section */

/* Begin PBXSourcesBuildPhase section */
		1B9303D127421EFE00DB88D1 /* Sources */ = {
			isa = PBXSourcesBuildPhase;
			buildActionMask = 2147483647;
			files = (
				1B9303DB27421EFE00DB88D1 /* ContentView.swift in Sources */,
				1BC1537F27437AF000696014 /* Extenstions.swift in Sources */,
				1B9303D927421EFE00DB88D1 /* SwiftUI_Toast_popup_tutorial__10App.swift in Sources */,
			);
			runOnlyForDeploymentPostprocessing = 0;
		};
/* End PBXSourcesBuildPhase section */

/* Begin XCBuildConfiguration section */
		1B9303E127421F0200DB88D1 /* Debug */ = {
			isa = XCBuildConfiguration;
			buildSettings = {
				ALWAYS_SEARCH_USER_PATHS = NO;
				CLANG_ANALYZER_NONNULL = YES;
				CLANG_ANALYZER_NUMBER_OBJECT_CONVERSION = YES_AGGRESSIVE;
				CLANG_CXX_LANGUAGE_STANDARD = "gnu++17";
				CLANG_CXX_LIBRARY = "libc++";
				CLANG_ENABLE_MODULES = YES;
				CLANG_ENABLE_OBJC_ARC = YES;
				CLANG_ENABLE_OBJC_WEAK = YES;
				CLANG_WARN_BLOCK_CAPTURE_AUTORELEASING = YES;
				CLANG_WARN_BOOL_CONVERSION = YES;
				CLANG_WARN_COMMA = YES;
				CLANG_WARN_CONSTANT_CONVERSION = YES;
				CLANG_WARN_DEPRECATED_OBJC_IMPLEMENTATIONS = YES;
				CLANG_WARN_DIRECT_OBJC_ISA_USAGE = YES_ERROR;
				CLANG_WARN_DOCUMENTATION_COMMENTS = YES;
				CLANG_WARN_EMPTY_BODY = YES;
				CLANG_WARN_ENUM_CONVERSION = YES;
				CLANG_WARN_INFINITE_RECURSION = YES;
				CLANG_WARN_INT_CONVERSION = YES;
				CLANG_WARN_NON_LITERAL_NULL_CONVERSION = YES;
				CLANG_WARN_OBJC_IMPLICIT_RETAIN_SELF = YES;
				CLANG_WARN_OBJC_LITERAL_CONVERSION = YES;
				CLANG_WARN_OBJC_ROOT_CLASS = YES_ERROR;
				CLANG_WARN_QUOTED_INCLUDE_IN_FRAMEWORK_HEADER = YES;
				CLANG_WARN_RANGE_LOOP_ANALYSIS = YES;
				CLANG_WARN_STRICT_PROTOTYPES = YES;
				CLANG_WARN_SUSPICIOUS_MOVE = YES;
				CLANG_WARN_UNGUARDED_AVAILABILITY = YES_AGGRESSIVE;
				CLANG_WARN_UNREACHABLE_CODE = YES;
				CLANG_WARN__DUPLICATE_METHOD_MATCH = YES;
				COPY_PHASE_STRIP = NO;
				DEBUG_INFORMATION_FORMAT = dwarf;
				ENABLE_STRICT_OBJC_MSGSEND = YES;
				ENABLE_TESTABILITY = YES;
				GCC_C_LANGUAGE_STANDARD = gnu11;
				GCC_DYNAMIC_NO_PIC = NO;
				GCC_NO_COMMON_BLOCKS = YES;
				GCC_OPTIMIZATION_LEVEL = 0;
				GCC_PREPROCESSOR_DEFINITIONS = (
					"DEBUG=1",
					"$(inherited)",
				);
				GCC_WARN_64_TO_32_BIT_CONVERSION = YES;
				GCC_WARN_ABOUT_RETURN_TYPE = YES_ERROR;
				GCC_WARN_UNDECLARED_SELECTOR = YES;
				GCC_WARN_UNINITIALIZED_AUTOS = YES_AGGRESSIVE;
				GCC_WARN_UNUSED_FUNCTION = YES;
				GCC_WARN_UNUSED_VARIABLE = YES;
				IPHONEOS_DEPLOYMENT_TARGET = 15.0;
				MTL_ENABLE_DEBUG_INFO = INCLUDE_SOURCE;
				MTL_FAST_MATH = YES;
				ONLY_ACTIVE_ARCH = YES;
				SDKROOT = iphoneos;
				SWIFT_ACTIVE_COMPILATION_CONDITIONS = DEBUG;
				SWIFT_OPTIMIZATION_LEVEL = "-Onone";
			};
			name = Debug;
		};
		1B9303E227421F0200DB88D1 /* Release */ = {
			isa = XCBuildConfiguration;
			buildSettings = {
				ALWAYS_SEARCH_USER_PATHS = NO;
				CLANG_ANALYZER_NONNULL = YES;
				CLANG_ANALYZER_NUMBER_OBJECT_CONVERSION = YES_AGGRESSIVE;
				CLANG_CXX_LANGUAGE_STANDARD = "gnu++17";
				CLANG_CXX_LIBRARY = "libc++";
				CLANG_ENABLE_MODULES = YES;
				CLANG_ENABLE_OBJC_ARC = YES;
				CLANG_ENABLE_OBJC_WEAK = YES;
				CLANG_WARN_BLOCK_CAPTURE_AUTORELEASING = YES;
				CLANG_WARN_BOOL_CONVERSION = YES;
				CLANG_WARN_COMMA = YES;
				CLANG_WARN_CONSTANT_CONVERSION = YES;
				CLANG_WARN_DEPRECATED_OBJC_IMPLEMENTATIONS = YES;
				CLANG_WARN_DIRECT_OBJC_ISA_USAGE = YES_ERROR;
				CLANG_WARN_DOCUMENTATION_COMMENTS = YES;
				CLANG_WARN_EMPTY_BODY = YES;
				CLANG_WARN_ENUM_CONVERSION = YES;
				CLANG_WARN_INFINITE_RECURSION = YES;
				CLANG_WARN_INT_CONVERSION = YES;
				CLANG_WARN_NON_LITERAL_NULL_CONVERSION = YES;
				CLANG_WARN_OBJC_IMPLICIT_RETAIN_SELF = YES;
				CLANG_WARN_OBJC_LITERAL_CONVERSION = YES;
				CLANG_WARN_OBJC_ROOT_CLASS = YES_ERROR;
				CLANG_WARN_QUOTED_INCLUDE_IN_FRAMEWORK_HEADER = YES;
				CLANG_WARN_RANGE_LOOP_ANALYSIS = YES;
				CLANG_WARN_STRICT_PROTOTYPES = YES;
				CLANG_WARN_SUSPICIOUS_MOVE = YES;
				CLANG_WARN_UNGUARDED_AVAILABILITY = YES_AGGRESSIVE;
				CLANG_WARN_UNREACHABLE_CODE = YES;
				CLANG_WARN__DUPLICATE_METHOD_MATCH = YES;
				COPY_PHASE_STRIP = NO;
				DEBUG_INFORMATION_FORMAT = "dwarf-with-dsym";
				ENABLE_NS_ASSERTIONS = NO;
				ENABLE_STRICT_OBJC_MSGSEND = YES;
				GCC_C_LANGUAGE_STANDARD = gnu11;
				GCC_NO_COMMON_BLOCKS = YES;
				GCC_WARN_64_TO_32_BIT_CONVERSION = YES;
				GCC_WARN_ABOUT_RETURN_TYPE = YES_ERROR;
				GCC_WARN_UNDECLARED_SELECTOR = YES;
				GCC_WARN_UNINITIALIZED_AUTOS = YES_AGGRESSIVE;
				GCC_WARN_UNUSED_FUNCTION = YES;
				GCC_WARN_UNUSED_VARIABLE = YES;
				IPHONEOS_DEPLOYMENT_TARGET = 15.0;
				MTL_ENABLE_DEBUG_INFO = NO;
				MTL_FAST_MATH = YES;
				SDKROOT = iphoneos;
				SWIFT_COMPILATION_MODE = wholemodule;
				SWIFT_OPTIMIZATION_LEVEL = "-O";
				VALIDATE_PRODUCT = YES;
			};
			name = Release;
		};
		1B9303E427421F0200DB88D1 /* Debug */ = {
			isa = XCBuildConfiguration;
			baseConfigurationReference = D892A94284FCE159A3686884 /* Pods-SwiftUI_Toast_popup_tutorial_#10.debug.xcconfig */;
			buildSettings = {
				ASSETCATALOG_COMPILER_APPICON_NAME = AppIcon;
				ASSETCATALOG_COMPILER_GLOBAL_ACCENT_COLOR_NAME = AccentColor;
				CODE_SIGN_STYLE = Automatic;
				CURRENT_PROJECT_VERSION = 1;
				DEVELOPMENT_ASSET_PATHS = "\"SwiftUI_Toast_popup_tutorial_#10/Preview Content\"";
				DEVELOPMENT_TEAM = AMF27YMSLK;
				ENABLE_PREVIEWS = YES;
				GENERATE_INFOPLIST_FILE = YES;
				INFOPLIST_KEY_UIApplicationSceneManifest_Generation = YES;
				INFOPLIST_KEY_UIApplicationSupportsIndirectInputEvents = YES;
				INFOPLIST_KEY_UILaunchScreen_Generation = YES;
				INFOPLIST_KEY_UISupportedInterfaceOrientations_iPad = "UIInterfaceOrientationPortrait UIInterfaceOrientationPortraitUpsideDown UIInterfaceOrientationLandscapeLeft UIInterfaceOrientationLandscapeRight";
				INFOPLIST_KEY_UISupportedInterfaceOrientations_iPhone = "UIInterfaceOrientationPortrait UIInterfaceOrientationLandscapeLeft UIInterfaceOrientationLandscapeRight";
				LD_RUNPATH_SEARCH_PATHS = (
					"$(inherited)",
					"@executable_path/Frameworks",
				);
				MARKETING_VERSION = 1.0;
				PRODUCT_BUNDLE_IDENTIFIER = "luck-woo.SwiftUI-Toast-popup-tutorial--10";
				PRODUCT_NAME = "$(TARGET_NAME)";
				SWIFT_EMIT_LOC_STRINGS = YES;
				SWIFT_VERSION = 5.0;
				TARGETED_DEVICE_FAMILY = "1,2";
			};
			name = Debug;
		};
		1B9303E527421F0200DB88D1 /* Release */ = {
			isa = XCBuildConfiguration;
			baseConfigurationReference = 6BF9EE656C522B2FB93AF6B5 /* Pods-SwiftUI_Toast_popup_tutorial_#10.release.xcconfig */;
			buildSettings = {
				ASSETCATALOG_COMPILER_APPICON_NAME = AppIcon;
				ASSETCATALOG_COMPILER_GLOBAL_ACCENT_COLOR_NAME = AccentColor;
				CODE_SIGN_STYLE = Automatic;
				CURRENT_PROJECT_VERSION = 1;
				DEVELOPMENT_ASSET_PATHS = "\"SwiftUI_Toast_popup_tutorial_#10/Preview Content\"";
				DEVELOPMENT_TEAM = AMF27YMSLK;
				ENABLE_PREVIEWS = YES;
				GENERATE_INFOPLIST_FILE = YES;
				INFOPLIST_KEY_UIApplicationSceneManifest_Generation = YES;
				INFOPLIST_KEY_UIApplicationSupportsIndirectInputEvents = YES;
				INFOPLIST_KEY_UILaunchScreen_Generation = YES;
				INFOPLIST_KEY_UISupportedInterfaceOrientations_iPad = "UIInterfaceOrientationPortrait UIInterfaceOrientationPortraitUpsideDown UIInterfaceOrientationLandscapeLeft UIInterfaceOrientationLandscapeRight";
				INFOPLIST_KEY_UISupportedInterfaceOrientations_iPhone = "UIInterfaceOrientationPortrait UIInterfaceOrientationLandscapeLeft UIInterfaceOrientationLandscapeRight";
				LD_RUNPATH_SEARCH_PATHS = (
					"$(inherited)",
					"@executable_path/Frameworks",
				);
				MARKETING_VERSION = 1.0;
				PRODUCT_BUNDLE_IDENTIFIER = "luck-woo.SwiftUI-Toast-popup-tutorial--10";
				PRODUCT_NAME = "$(TARGET_NAME)";
				SWIFT_EMIT_LOC_STRINGS = YES;
				SWIFT_VERSION = 5.0;
				TARGETED_DEVICE_FAMILY = "1,2";
			};
			name = Release;
		};
/* End XCBuildConfiguration section */

/* Begin XCConfigurationList section */
		1B9303D027421EFE00DB88D1 /* Build configuration list for PBXProject "SwiftUI_Toast_popup_tutorial_#10" */ = {
			isa = XCConfigurationList;
			buildConfigurations = (
				1B9303E127421F0200DB88D1 /* Debug */,
				1B9303E227421F0200DB88D1 /* Release */,
			);
			defaultConfigurationIsVisible = 0;
			defaultConfigurationName = Release;
		};
		1B9303E327421F0200DB88D1 /* Build configuration list for PBXNativeTarget "SwiftUI_Toast_popup_tutorial_#10" */ = {
			isa = XCConfigurationList;
			buildConfigurations = (
				1B9303E427421F0200DB88D1 /* Debug */,
				1B9303E527421F0200DB88D1 /* Release */,
			);
			defaultConfigurationIsVisible = 0;
			defaultConfigurationName = Release;
		};
/* End XCConfigurationList section */
	};
	rootObject = 1B9303CD27421EFE00DB88D1 /* Project object */;
}
