// !$*UTF8*$!
{
	archiveVersion = 1;
	classes = {
	};
	objectVersion = 55;
	objects = {

/* Begin PBXBuildFile section */
		1BB412B82734CF8100C3BA11 /* SwiftUI_stack_pratice_tutorial__6App.swift in Sources */ = {isa = PBXBuildFile; fileRef = 1BB412B72734CF8100C3BA11 /* SwiftUI_stack_pratice_tutorial__6App.swift */; };
		1BB412BA2734CF8100C3BA11 /* ContentView.swift in Sources */ = {isa = PBXBuildFile; fileRef = 1BB412B92734CF8100C3BA11 /* ContentView.swift */; };
		1BB412BC2734CF8500C3BA11 /* Assets.xcassets in Resources */ = {isa = PBXBuildFile; fileRef = 1BB412BB2734CF8500C3BA11 /* Assets.xcassets */; };
		1BB412BF2734CF8500C3BA11 /* Preview Assets.xcassets in Resources */ = {isa = PBXBuildFile; fileRef = 1BB412BE2734CF8500C3BA11 /* Preview Assets.xcassets */; };
		1BB412C62734CFC000C3BA11 /* MyProjectCard.swift in Sources */ = {isa = PBXBuildFile; fileRef = 1BB412C52734CFC000C3BA11 /* MyProjectCard.swift */; };
		1BB412C82735274300C3BA11 /* MyBasicCard.swift in Sources */ = {isa = PBXBuildFile; fileRef = 1BB412C72735274300C3BA11 /* MyBasicCard.swift */; };
		1BB412CA2738C7AF00C3BA11 /* MyCard.swift in Sources */ = {isa = PBXBuildFile; fileRef = 1BB412C92738C7AE00C3BA11 /* MyCard.swift */; };
		1BB412CC2738CCDE00C3BA11 /* MyList.swift in Sources */ = {isa = PBXBuildFile; fileRef = 1BB412CB2738CCDE00C3BA11 /* MyList.swift */; };
		1BB412CE2738E12E00C3BA11 /* MyNavigationView.swift in Sources */ = {isa = PBXBuildFile; fileRef = 1BB412CD2738E12D00C3BA11 /* MyNavigationView.swift */; };
		1BB412D0273914A800C3BA11 /* MyProfileView.swift in Sources */ = {isa = PBXBuildFile; fileRef = 1BB412CF273914A800C3BA11 /* MyProfileView.swift */; };
		1BB412D2273A185800C3BA11 /* MyCircleImageView.swift in Sources */ = {isa = PBXBuildFile; fileRef = 1BB412D1273A185800C3BA11 /* MyCircleImageView.swift */; };
/* End PBXBuildFile section */

/* Begin PBXFileReference section */
		1BB412B42734CF8100C3BA11 /* SwiftUI_stack_pratice_tutorial_#6.app */ = {isa = PBXFileReference; explicitFileType = wrapper.application; includeInIndex = 0; path = "SwiftUI_stack_pratice_tutorial_#6.app"; sourceTree = BUILT_PRODUCTS_DIR; };
		1BB412B72734CF8100C3BA11 /* SwiftUI_stack_pratice_tutorial__6App.swift */ = {isa = PBXFileReference; lastKnownFileType = sourcecode.swift; path = SwiftUI_stack_pratice_tutorial__6App.swift; sourceTree = "<group>"; };
		1BB412B92734CF8100C3BA11 /* ContentView.swift */ = {isa = PBXFileReference; lastKnownFileType = sourcecode.swift; path = ContentView.swift; sourceTree = "<group>"; };
		1BB412BB2734CF8500C3BA11 /* Assets.xcassets */ = {isa = PBXFileReference; lastKnownFileType = folder.assetcatalog; path = Assets.xcassets; sourceTree = "<group>"; };
		1BB412BE2734CF8500C3BA11 /* Preview Assets.xcassets */ = {isa = PBXFileReference; lastKnownFileType = folder.assetcatalog; path = "Preview Assets.xcassets"; sourceTree = "<group>"; };
		1BB412C52734CFC000C3BA11 /* MyProjectCard.swift */ = {isa = PBXFileReference; lastKnownFileType = sourcecode.swift; path = MyProjectCard.swift; sourceTree = "<group>"; };
		1BB412C72735274300C3BA11 /* MyBasicCard.swift */ = {isa = PBXFileReference; lastKnownFileType = sourcecode.swift; path = MyBasicCard.swift; sourceTree = "<group>"; };
		1BB412C92738C7AE00C3BA11 /* MyCard.swift */ = {isa = PBXFileReference; lastKnownFileType = sourcecode.swift; path = MyCard.swift; sourceTree = "<group>"; };
		1BB412CB2738CCDE00C3BA11 /* MyList.swift */ = {isa = PBXFileReference; lastKnownFileType = sourcecode.swift; path = MyList.swift; sourceTree = "<group>"; };
		1BB412CD2738E12D00C3BA11 /* MyNavigationView.swift */ = {isa = PBXFileReference; lastKnownFileType = sourcecode.swift; path = MyNavigationView.swift; sourceTree = "<group>"; };
		1BB412CF273914A800C3BA11 /* MyProfileView.swift */ = {isa = PBXFileReference; lastKnownFileType = sourcecode.swift; path = MyProfileView.swift; sourceTree = "<group>"; };
		1BB412D1273A185800C3BA11 /* MyCircleImageView.swift */ = {isa = PBXFileReference; lastKnownFileType = sourcecode.swift; path = MyCircleImageView.swift; sourceTree = "<group>"; };
/* End PBXFileReference section */

/* Begin PBXFrameworksBuildPhase section */
		1BB412B12734CF8100C3BA11 /* Frameworks */ = {
			isa = PBXFrameworksBuildPhase;
			buildActionMask = 2147483647;
			files = (
			);
			runOnlyForDeploymentPostprocessing = 0;
		};
/* End PBXFrameworksBuildPhase section */

/* Begin PBXGroup section */
		1BB412AB2734CF8100C3BA11 = {
			isa = PBXGroup;
			children = (
				1BB412B62734CF8100C3BA11 /* SwiftUI_stack_pratice_tutorial_#6 */,
				1BB412B52734CF8100C3BA11 /* Products */,
			);
			sourceTree = "<group>";
		};
		1BB412B52734CF8100C3BA11 /* Products */ = {
			isa = PBXGroup;
			children = (
				1BB412B42734CF8100C3BA11 /* SwiftUI_stack_pratice_tutorial_#6.app */,
			);
			name = Products;
			sourceTree = "<group>";
		};
		1BB412B62734CF8100C3BA11 /* SwiftUI_stack_pratice_tutorial_#6 */ = {
			isa = PBXGroup;
			children = (
				1BB412B72734CF8100C3BA11 /* SwiftUI_stack_pratice_tutorial__6App.swift */,
				1BB412B92734CF8100C3BA11 /* ContentView.swift */,
				1BB412CD2738E12D00C3BA11 /* MyNavigationView.swift */,
				1BB412C52734CFC000C3BA11 /* MyProjectCard.swift */,
				1BB412CB2738CCDE00C3BA11 /* MyList.swift */,
				1BB412C72735274300C3BA11 /* MyBasicCard.swift */,
				1BB412C92738C7AE00C3BA11 /* MyCard.swift */,
				1BB412CF273914A800C3BA11 /* MyProfileView.swift */,
				1BB412D1273A185800C3BA11 /* MyCircleImageView.swift */,
				1BB412BB2734CF8500C3BA11 /* Assets.xcassets */,
				1BB412BD2734CF8500C3BA11 /* Preview Content */,
			);
			path = "SwiftUI_stack_pratice_tutorial_#6";
			sourceTree = "<group>";
		};
		1BB412BD2734CF8500C3BA11 /* Preview Content */ = {
			isa = PBXGroup;
			children = (
				1BB412BE2734CF8500C3BA11 /* Preview Assets.xcassets */,
			);
			path = "Preview Content";
			sourceTree = "<group>";
		};
/* End PBXGroup section */

/* Begin PBXNativeTarget section */
		1BB412B32734CF8100C3BA11 /* SwiftUI_stack_pratice_tutorial_#6 */ = {
			isa = PBXNativeTarget;
			buildConfigurationList = 1BB412C22734CF8500C3BA11 /* Build configuration list for PBXNativeTarget "SwiftUI_stack_pratice_tutorial_#6" */;
			buildPhases = (
				1BB412B02734CF8100C3BA11 /* Sources */,
				1BB412B12734CF8100C3BA11 /* Frameworks */,
				1BB412B22734CF8100C3BA11 /* Resources */,
			);
			buildRules = (
			);
			dependencies = (
			);
			name = "SwiftUI_stack_pratice_tutorial_#6";
			productName = "SwiftUI_stack_pratice_tutorial_#6";
			productReference = 1BB412B42734CF8100C3BA11 /* SwiftUI_stack_pratice_tutorial_#6.app */;
			productType = "com.apple.product-type.application";
		};
/* End PBXNativeTarget section */

/* Begin PBXProject section */
		1BB412AC2734CF8100C3BA11 /* Project object */ = {
			isa = PBXProject;
			attributes = {
				BuildIndependentTargetsInParallel = 1;
				LastSwiftUpdateCheck = 1310;
				LastUpgradeCheck = 1310;
				TargetAttributes = {
					1BB412B32734CF8100C3BA11 = {
						CreatedOnToolsVersion = 13.1;
					};
				};
			};
			buildConfigurationList = 1BB412AF2734CF8100C3BA11 /* Build configuration list for PBXProject "SwiftUI_stack_pratice_tutorial_#6" */;
			compatibilityVersion = "Xcode 13.0";
			developmentRegion = en;
			hasScannedForEncodings = 0;
			knownRegions = (
				en,
				Base,
			);
			mainGroup = 1BB412AB2734CF8100C3BA11;
			productRefGroup = 1BB412B52734CF8100C3BA11 /* Products */;
			projectDirPath = "";
			projectRoot = "";
			targets = (
				1BB412B32734CF8100C3BA11 /* SwiftUI_stack_pratice_tutorial_#6 */,
			);
		};
/* End PBXProject section */

/* Begin PBXResourcesBuildPhase section */
		1BB412B22734CF8100C3BA11 /* Resources */ = {
			isa = PBXResourcesBuildPhase;
			buildActionMask = 2147483647;
			files = (
				1BB412BF2734CF8500C3BA11 /* Preview Assets.xcassets in Resources */,
				1BB412BC2734CF8500C3BA11 /* Assets.xcassets in Resources */,
			);
			runOnlyForDeploymentPostprocessing = 0;
		};
/* End PBXResourcesBuildPhase section */

/* Begin PBXSourcesBuildPhase section */
		1BB412B02734CF8100C3BA11 /* Sources */ = {
			isa = PBXSourcesBuildPhase;
			buildActionMask = 2147483647;
			files = (
				1BB412D2273A185800C3BA11 /* MyCircleImageView.swift in Sources */,
				1BB412D0273914A800C3BA11 /* MyProfileView.swift in Sources */,
				1BB412C62734CFC000C3BA11 /* MyProjectCard.swift in Sources */,
				1BB412C82735274300C3BA11 /* MyBasicCard.swift in Sources */,
				1BB412BA2734CF8100C3BA11 /* ContentView.swift in Sources */,
				1BB412CA2738C7AF00C3BA11 /* MyCard.swift in Sources */,
				1BB412B82734CF8100C3BA11 /* SwiftUI_stack_pratice_tutorial__6App.swift in Sources */,
				1BB412CC2738CCDE00C3BA11 /* MyList.swift in Sources */,
				1BB412CE2738E12E00C3BA11 /* MyNavigationView.swift in Sources */,
			);
			runOnlyForDeploymentPostprocessing = 0;
		};
/* End PBXSourcesBuildPhase section */

/* Begin XCBuildConfiguration section */
		1BB412C02734CF8500C3BA11 /* Debug */ = {
			isa = XCBuildConfiguration;
			buildSettings = {
				ALWAYS_SEARCH_USER_PATHS = NO;
				CLANG_ANALYZER_NONNULL = YES;
				CLANG_ANALYZER_NUMBER_OBJECT_CONVERSION = YES_AGGRESSIVE;
				CLANG_CXX_LANGUAGE_STANDARD = "gnu++17";
				CLANG_CXX_LIBRARY = "libc++";
				CLANG_ENABLE_MODULES = YES;
				CLANG_ENABLE_OBJC_ARC = YES;
				CLANG_ENABLE_OBJC_WEAK = YES;
				CLANG_WARN_BLOCK_CAPTURE_AUTORELEASING = YES;
				CLANG_WARN_BOOL_CONVERSION = YES;
				CLANG_WARN_COMMA = YES;
				CLANG_WARN_CONSTANT_CONVERSION = YES;
				CLANG_WARN_DEPRECATED_OBJC_IMPLEMENTATIONS = YES;
				CLANG_WARN_DIRECT_OBJC_ISA_USAGE = YES_ERROR;
				CLANG_WARN_DOCUMENTATION_COMMENTS = YES;
				CLANG_WARN_EMPTY_BODY = YES;
				CLANG_WARN_ENUM_CONVERSION = YES;
				CLANG_WARN_INFINITE_RECURSION = YES;
				CLANG_WARN_INT_CONVERSION = YES;
				CLANG_WARN_NON_LITERAL_NULL_CONVERSION = YES;
				CLANG_WARN_OBJC_IMPLICIT_RETAIN_SELF = YES;
				CLANG_WARN_OBJC_LITERAL_CONVERSION = YES;
				CLANG_WARN_OBJC_ROOT_CLASS = YES_ERROR;
				CLANG_WARN_QUOTED_INCLUDE_IN_FRAMEWORK_HEADER = YES;
				CLANG_WARN_RANGE_LOOP_ANALYSIS = YES;
				CLANG_WARN_STRICT_PROTOTYPES = YES;
				CLANG_WARN_SUSPICIOUS_MOVE = YES;
				CLANG_WARN_UNGUARDED_AVAILABILITY = YES_AGGRESSIVE;
				CLANG_WARN_UNREACHABLE_CODE = YES;
				CLANG_WARN__DUPLICATE_METHOD_MATCH = YES;
				COPY_PHASE_STRIP = NO;
				DEBUG_INFORMATION_FORMAT = dwarf;
				ENABLE_STRICT_OBJC_MSGSEND = YES;
				ENABLE_TESTABILITY = YES;
				GCC_C_LANGUAGE_STANDARD = gnu11;
				GCC_DYNAMIC_NO_PIC = NO;
				GCC_NO_COMMON_BLOCKS = YES;
				GCC_OPTIMIZATION_LEVEL = 0;
				GCC_PREPROCESSOR_DEFINITIONS = (
					"DEBUG=1",
					"$(inherited)",
				);
				GCC_WARN_64_TO_32_BIT_CONVERSION = YES;
				GCC_WARN_ABOUT_RETURN_TYPE = YES_ERROR;
				GCC_WARN_UNDECLARED_SELECTOR = YES;
				GCC_WARN_UNINITIALIZED_AUTOS = YES_AGGRESSIVE;
				GCC_WARN_UNUSED_FUNCTION = YES;
				GCC_WARN_UNUSED_VARIABLE = YES;
				IPHONEOS_DEPLOYMENT_TARGET = 15.0;
				MTL_ENABLE_DEBUG_INFO = INCLUDE_SOURCE;
				MTL_FAST_MATH = YES;
				ONLY_ACTIVE_ARCH = YES;
				SDKROOT = iphoneos;
				SWIFT_ACTIVE_COMPILATION_CONDITIONS = DEBUG;
				SWIFT_OPTIMIZATION_LEVEL = "-Onone";
			};
			name = Debug;
		};
		1BB412C12734CF8500C3BA11 /* Release */ = {
			isa = XCBuildConfiguration;
			buildSettings = {
				ALWAYS_SEARCH_USER_PATHS = NO;
				CLANG_ANALYZER_NONNULL = YES;
				CLANG_ANALYZER_NUMBER_OBJECT_CONVERSION = YES_AGGRESSIVE;
				CLANG_CXX_LANGUAGE_STANDARD = "gnu++17";
				CLANG_CXX_LIBRARY = "libc++";
				CLANG_ENABLE_MODULES = YES;
				CLANG_ENABLE_OBJC_ARC = YES;
				CLANG_ENABLE_OBJC_WEAK = YES;
				CLANG_WARN_BLOCK_CAPTURE_AUTORELEASING = YES;
				CLANG_WARN_BOOL_CONVERSION = YES;
				CLANG_WARN_COMMA = YES;
				CLANG_WARN_CONSTANT_CONVERSION = YES;
				CLANG_WARN_DEPRECATED_OBJC_IMPLEMENTATIONS = YES;
				CLANG_WARN_DIRECT_OBJC_ISA_USAGE = YES_ERROR;
				CLANG_WARN_DOCUMENTATION_COMMENTS = YES;
				CLANG_WARN_EMPTY_BODY = YES;
				CLANG_WARN_ENUM_CONVERSION = YES;
				CLANG_WARN_INFINITE_RECURSION = YES;
				CLANG_WARN_INT_CONVERSION = YES;
				CLANG_WARN_NON_LITERAL_NULL_CONVERSION = YES;
				CLANG_WARN_OBJC_IMPLICIT_RETAIN_SELF = YES;
				CLANG_WARN_OBJC_LITERAL_CONVERSION = YES;
				CLANG_WARN_OBJC_ROOT_CLASS = YES_ERROR;
				CLANG_WARN_QUOTED_INCLUDE_IN_FRAMEWORK_HEADER = YES;
				CLANG_WARN_RANGE_LOOP_ANALYSIS = YES;
				CLANG_WARN_STRICT_PROTOTYPES = YES;
				CLANG_WARN_SUSPICIOUS_MOVE = YES;
				CLANG_WARN_UNGUARDED_AVAILABILITY = YES_AGGRESSIVE;
				CLANG_WARN_UNREACHABLE_CODE = YES;
				CLANG_WARN__DUPLICATE_METHOD_MATCH = YES;
				COPY_PHASE_STRIP = NO;
				DEBUG_INFORMATION_FORMAT = "dwarf-with-dsym";
				ENABLE_NS_ASSERTIONS = NO;
				ENABLE_STRICT_OBJC_MSGSEND = YES;
				GCC_C_LANGUAGE_STANDARD = gnu11;
				GCC_NO_COMMON_BLOCKS = YES;
				GCC_WARN_64_TO_32_BIT_CONVERSION = YES;
				GCC_WARN_ABOUT_RETURN_TYPE = YES_ERROR;
				GCC_WARN_UNDECLARED_SELECTOR = YES;
				GCC_WARN_UNINITIALIZED_AUTOS = YES_AGGRESSIVE;
				GCC_WARN_UNUSED_FUNCTION = YES;
				GCC_WARN_UNUSED_VARIABLE = YES;
				IPHONEOS_DEPLOYMENT_TARGET = 15.0;
				MTL_ENABLE_DEBUG_INFO = NO;
				MTL_FAST_MATH = YES;
				SDKROOT = iphoneos;
				SWIFT_COMPILATION_MODE = wholemodule;
				SWIFT_OPTIMIZATION_LEVEL = "-O";
				VALIDATE_PRODUCT = YES;
			};
			name = Release;
		};
		1BB412C32734CF8500C3BA11 /* Debug */ = {
			isa = XCBuildConfiguration;
			buildSettings = {
				ASSETCATALOG_COMPILER_APPICON_NAME = AppIcon;
				ASSETCATALOG_COMPILER_GLOBAL_ACCENT_COLOR_NAME = AccentColor;
				CODE_SIGN_STYLE = Automatic;
				CURRENT_PROJECT_VERSION = 1;
				DEVELOPMENT_ASSET_PATHS = "\"SwiftUI_stack_pratice_tutorial_#6/Preview Content\"";
				DEVELOPMENT_TEAM = AMF27YMSLK;
				ENABLE_PREVIEWS = YES;
				GENERATE_INFOPLIST_FILE = YES;
				INFOPLIST_KEY_UIApplicationSceneManifest_Generation = YES;
				INFOPLIST_KEY_UIApplicationSupportsIndirectInputEvents = YES;
				INFOPLIST_KEY_UILaunchScreen_Generation = YES;
				INFOPLIST_KEY_UISupportedInterfaceOrientations_iPad = "UIInterfaceOrientationPortrait UIInterfaceOrientationPortraitUpsideDown UIInterfaceOrientationLandscapeLeft UIInterfaceOrientationLandscapeRight";
				INFOPLIST_KEY_UISupportedInterfaceOrientations_iPhone = "UIInterfaceOrientationPortrait UIInterfaceOrientationLandscapeLeft UIInterfaceOrientationLandscapeRight";
				LD_RUNPATH_SEARCH_PATHS = (
					"$(inherited)",
					"@executable_path/Frameworks",
				);
				MARKETING_VERSION = 1.0;
				PRODUCT_BUNDLE_IDENTIFIER = "luck-woo.SwiftUI-stack-pratice-tutorial--6";
				PRODUCT_NAME = "$(TARGET_NAME)";
				SWIFT_EMIT_LOC_STRINGS = YES;
				SWIFT_VERSION = 5.0;
				TARGETED_DEVICE_FAMILY = "1,2";
			};
			name = Debug;
		};
		1BB412C42734CF8500C3BA11 /* Release */ = {
			isa = XCBuildConfiguration;
			buildSettings = {
				ASSETCATALOG_COMPILER_APPICON_NAME = AppIcon;
				ASSETCATALOG_COMPILER_GLOBAL_ACCENT_COLOR_NAME = AccentColor;
				CODE_SIGN_STYLE = Automatic;
				CURRENT_PROJECT_VERSION = 1;
				DEVELOPMENT_ASSET_PATHS = "\"SwiftUI_stack_pratice_tutorial_#6/Preview Content\"";
				DEVELOPMENT_TEAM = AMF27YMSLK;
				ENABLE_PREVIEWS = YES;
				GENERATE_INFOPLIST_FILE = YES;
				INFOPLIST_KEY_UIApplicationSceneManifest_Generation = YES;
				INFOPLIST_KEY_UIApplicationSupportsIndirectInputEvents = YES;
				INFOPLIST_KEY_UILaunchScreen_Generation = YES;
				INFOPLIST_KEY_UISupportedInterfaceOrientations_iPad = "UIInterfaceOrientationPortrait UIInterfaceOrientationPortraitUpsideDown UIInterfaceOrientationLandscapeLeft UIInterfaceOrientationLandscapeRight";
				INFOPLIST_KEY_UISupportedInterfaceOrientations_iPhone = "UIInterfaceOrientationPortrait UIInterfaceOrientationLandscapeLeft UIInterfaceOrientationLandscapeRight";
				LD_RUNPATH_SEARCH_PATHS = (
					"$(inherited)",
					"@executable_path/Frameworks",
				);
				MARKETING_VERSION = 1.0;
				PRODUCT_BUNDLE_IDENTIFIER = "luck-woo.SwiftUI-stack-pratice-tutorial--6";
				PRODUCT_NAME = "$(TARGET_NAME)";
				SWIFT_EMIT_LOC_STRINGS = YES;
				SWIFT_VERSION = 5.0;
				TARGETED_DEVICE_FAMILY = "1,2";
			};
			name = Release;
		};
/* End XCBuildConfiguration section */

/* Begin XCConfigurationList section */
		1BB412AF2734CF8100C3BA11 /* Build configuration list for PBXProject "SwiftUI_stack_pratice_tutorial_#6" */ = {
			isa = XCConfigurationList;
			buildConfigurations = (
				1BB412C02734CF8500C3BA11 /* Debug */,
				1BB412C12734CF8500C3BA11 /* Release */,
			);
			defaultConfigurationIsVisible = 0;
			defaultConfigurationName = Release;
		};
		1BB412C22734CF8500C3BA11 /* Build configuration list for PBXNativeTarget "SwiftUI_stack_pratice_tutorial_#6" */ = {
			isa = XCConfigurationList;
			buildConfigurations = (
				1BB412C32734CF8500C3BA11 /* Debug */,
				1BB412C42734CF8500C3BA11 /* Release */,
			);
			defaultConfigurationIsVisible = 0;
			defaultConfigurationName = Release;
		};
/* End XCConfigurationList section */
	};
	rootObject = 1BB412AC2734CF8100C3BA11 /* Project object */;
}
