// !$*UTF8*$!
{
	archiveVersion = 1;
	classes = {
	};
	objectVersion = 55;
	objects = {

/* Begin PBXBuildFile section */
		1B3B196D273CCEFC00ED546A /* SwiftUI_ButtonStyle_tutorial__8App.swift in Sources */ = {isa = PBXBuildFile; fileRef = 1B3B196C273CCEFC00ED546A /* SwiftUI_ButtonStyle_tutorial__8App.swift */; };
		1B3B196F273CCEFC00ED546A /* ContentView.swift in Sources */ = {isa = PBXBuildFile; fileRef = 1B3B196E273CCEFC00ED546A /* ContentView.swift */; };
		1B3B1971273CCF0100ED546A /* Assets.xcassets in Resources */ = {isa = PBXBuildFile; fileRef = 1B3B1970273CCF0100ED546A /* Assets.xcassets */; };
		1B3B1974273CCF0100ED546A /* Preview Assets.xcassets in Resources */ = {isa = PBXBuildFile; fileRef = 1B3B1973273CCF0100ED546A /* Preview Assets.xcassets */; };
		1B3B197C273CD0C100ED546A /* MyButtonStyle.swift in Sources */ = {isa = PBXBuildFile; fileRef = 1B3B197B273CD0C100ED546A /* MyButtonStyle.swift */; };
		1B3B197E273CD80300ED546A /* MyRotateButtonStyle.swift in Sources */ = {isa = PBXBuildFile; fileRef = 1B3B197D273CD80300ED546A /* MyRotateButtonStyle.swift */; };
		1B3B1980273CEA4700ED546A /* MySmallerButtonStyle.swift in Sources */ = {isa = PBXBuildFile; fileRef = 1B3B197F273CEA4700ED546A /* MySmallerButtonStyle.swift */; };
		1B3B1982273D6E0E00ED546A /* MyBlurButtonStyle.swift in Sources */ = {isa = PBXBuildFile; fileRef = 1B3B1981273D6E0E00ED546A /* MyBlurButtonStyle.swift */; };
/* End PBXBuildFile section */

/* Begin PBXFileReference section */
		1B3B1969273CCEFC00ED546A /* SwiftUI_ButtonStyle_tutorial_#8.app */ = {isa = PBXFileReference; explicitFileType = wrapper.application; includeInIndex = 0; path = "SwiftUI_ButtonStyle_tutorial_#8.app"; sourceTree = BUILT_PRODUCTS_DIR; };
		1B3B196C273CCEFC00ED546A /* SwiftUI_ButtonStyle_tutorial__8App.swift */ = {isa = PBXFileReference; lastKnownFileType = sourcecode.swift; path = SwiftUI_ButtonStyle_tutorial__8App.swift; sourceTree = "<group>"; };
		1B3B196E273CCEFC00ED546A /* ContentView.swift */ = {isa = PBXFileReference; lastKnownFileType = sourcecode.swift; path = ContentView.swift; sourceTree = "<group>"; };
		1B3B1970273CCF0100ED546A /* Assets.xcassets */ = {isa = PBXFileReference; lastKnownFileType = folder.assetcatalog; path = Assets.xcassets; sourceTree = "<group>"; };
		1B3B1973273CCF0100ED546A /* Preview Assets.xcassets */ = {isa = PBXFileReference; lastKnownFileType = folder.assetcatalog; path = "Preview Assets.xcassets"; sourceTree = "<group>"; };
		1B3B197B273CD0C100ED546A /* MyButtonStyle.swift */ = {isa = PBXFileReference; lastKnownFileType = sourcecode.swift; path = MyButtonStyle.swift; sourceTree = "<group>"; };
		1B3B197D273CD80300ED546A /* MyRotateButtonStyle.swift */ = {isa = PBXFileReference; lastKnownFileType = sourcecode.swift; path = MyRotateButtonStyle.swift; sourceTree = "<group>"; };
		1B3B197F273CEA4700ED546A /* MySmallerButtonStyle.swift */ = {isa = PBXFileReference; lastKnownFileType = sourcecode.swift; path = MySmallerButtonStyle.swift; sourceTree = "<group>"; };
		1B3B1981273D6E0E00ED546A /* MyBlurButtonStyle.swift */ = {isa = PBXFileReference; lastKnownFileType = sourcecode.swift; path = MyBlurButtonStyle.swift; sourceTree = "<group>"; };
/* End PBXFileReference section */

/* Begin PBXFrameworksBuildPhase section */
		1B3B1966273CCEFC00ED546A /* Frameworks */ = {
			isa = PBXFrameworksBuildPhase;
			buildActionMask = 2147483647;
			files = (
			);
			runOnlyForDeploymentPostprocessing = 0;
		};
/* End PBXFrameworksBuildPhase section */

/* Begin PBXGroup section */
		1B3B1960273CCEFC00ED546A = {
			isa = PBXGroup;
			children = (
				1B3B196B273CCEFC00ED546A /* SwiftUI_ButtonStyle_tutorial_#8 */,
				1B3B196A273CCEFC00ED546A /* Products */,
			);
			sourceTree = "<group>";
		};
		1B3B196A273CCEFC00ED546A /* Products */ = {
			isa = PBXGroup;
			children = (
				1B3B1969273CCEFC00ED546A /* SwiftUI_ButtonStyle_tutorial_#8.app */,
			);
			name = Products;
			sourceTree = "<group>";
		};
		1B3B196B273CCEFC00ED546A /* SwiftUI_ButtonStyle_tutorial_#8 */ = {
			isa = PBXGroup;
			children = (
				1B3B196C273CCEFC00ED546A /* SwiftUI_ButtonStyle_tutorial__8App.swift */,
				1B3B196E273CCEFC00ED546A /* ContentView.swift */,
				1B3B197F273CEA4700ED546A /* MySmallerButtonStyle.swift */,
				1B3B1981273D6E0E00ED546A /* MyBlurButtonStyle.swift */,
				1B3B197D273CD80300ED546A /* MyRotateButtonStyle.swift */,
				1B3B197B273CD0C100ED546A /* MyButtonStyle.swift */,
				1B3B1970273CCF0100ED546A /* Assets.xcassets */,
				1B3B1972273CCF0100ED546A /* Preview Content */,
			);
			path = "SwiftUI_ButtonStyle_tutorial_#8";
			sourceTree = "<group>";
		};
		1B3B1972273CCF0100ED546A /* Preview Content */ = {
			isa = PBXGroup;
			children = (
				1B3B1973273CCF0100ED546A /* Preview Assets.xcassets */,
			);
			path = "Preview Content";
			sourceTree = "<group>";
		};
/* End PBXGroup section */

/* Begin PBXNativeTarget section */
		1B3B1968273CCEFC00ED546A /* SwiftUI_ButtonStyle_tutorial_#8 */ = {
			isa = PBXNativeTarget;
			buildConfigurationList = 1B3B1977273CCF0100ED546A /* Build configuration list for PBXNativeTarget "SwiftUI_ButtonStyle_tutorial_#8" */;
			buildPhases = (
				1B3B1965273CCEFC00ED546A /* Sources */,
				1B3B1966273CCEFC00ED546A /* Frameworks */,
				1B3B1967273CCEFC00ED546A /* Resources */,
			);
			buildRules = (
			);
			dependencies = (
			);
			name = "SwiftUI_ButtonStyle_tutorial_#8";
			productName = "SwiftUI_ButtonStyle_tutorial_#8";
			productReference = 1B3B1969273CCEFC00ED546A /* SwiftUI_ButtonStyle_tutorial_#8.app */;
			productType = "com.apple.product-type.application";
		};
/* End PBXNativeTarget section */

/* Begin PBXProject section */
		1B3B1961273CCEFC00ED546A /* Project object */ = {
			isa = PBXProject;
			attributes = {
				BuildIndependentTargetsInParallel = 1;
				LastSwiftUpdateCheck = 1310;
				LastUpgradeCheck = 1310;
				TargetAttributes = {
					1B3B1968273CCEFC00ED546A = {
						CreatedOnToolsVersion = 13.1;
					};
				};
			};
			buildConfigurationList = 1B3B1964273CCEFC00ED546A /* Build configuration list for PBXProject "SwiftUI_ButtonStyle_tutorial_#8" */;
			compatibilityVersion = "Xcode 13.0";
			developmentRegion = en;
			hasScannedForEncodings = 0;
			knownRegions = (
				en,
				Base,
			);
			mainGroup = 1B3B1960273CCEFC00ED546A;
			productRefGroup = 1B3B196A273CCEFC00ED546A /* Products */;
			projectDirPath = "";
			projectRoot = "";
			targets = (
				1B3B1968273CCEFC00ED546A /* SwiftUI_ButtonStyle_tutorial_#8 */,
			);
		};
/* End PBXProject section */

/* Begin PBXResourcesBuildPhase section */
		1B3B1967273CCEFC00ED546A /* Resources */ = {
			isa = PBXResourcesBuildPhase;
			buildActionMask = 2147483647;
			files = (
				1B3B1974273CCF0100ED546A /* Preview Assets.xcassets in Resources */,
				1B3B1971273CCF0100ED546A /* Assets.xcassets in Resources */,
			);
			runOnlyForDeploymentPostprocessing = 0;
		};
/* End PBXResourcesBuildPhase section */

/* Begin PBXSourcesBuildPhase section */
		1B3B1965273CCEFC00ED546A /* Sources */ = {
			isa = PBXSourcesBuildPhase;
			buildActionMask = 2147483647;
			files = (
				1B3B196F273CCEFC00ED546A /* ContentView.swift in Sources */,
				1B3B197C273CD0C100ED546A /* MyButtonStyle.swift in Sources */,
				1B3B197E273CD80300ED546A /* MyRotateButtonStyle.swift in Sources */,
				1B3B1980273CEA4700ED546A /* MySmallerButtonStyle.swift in Sources */,
				1B3B1982273D6E0E00ED546A /* MyBlurButtonStyle.swift in Sources */,
				1B3B196D273CCEFC00ED546A /* SwiftUI_ButtonStyle_tutorial__8App.swift in Sources */,
			);
			runOnlyForDeploymentPostprocessing = 0;
		};
/* End PBXSourcesBuildPhase section */

/* Begin XCBuildConfiguration section */
		1B3B1975273CCF0100ED546A /* Debug */ = {
			isa = XCBuildConfiguration;
			buildSettings = {
				ALWAYS_SEARCH_USER_PATHS = NO;
				CLANG_ANALYZER_NONNULL = YES;
				CLANG_ANALYZER_NUMBER_OBJECT_CONVERSION = YES_AGGRESSIVE;
				CLANG_CXX_LANGUAGE_STANDARD = "gnu++17";
				CLANG_CXX_LIBRARY = "libc++";
				CLANG_ENABLE_MODULES = YES;
				CLANG_ENABLE_OBJC_ARC = YES;
				CLANG_ENABLE_OBJC_WEAK = YES;
				CLANG_WARN_BLOCK_CAPTURE_AUTORELEASING = YES;
				CLANG_WARN_BOOL_CONVERSION = YES;
				CLANG_WARN_COMMA = YES;
				CLANG_WARN_CONSTANT_CONVERSION = YES;
				CLANG_WARN_DEPRECATED_OBJC_IMPLEMENTATIONS = YES;
				CLANG_WARN_DIRECT_OBJC_ISA_USAGE = YES_ERROR;
				CLANG_WARN_DOCUMENTATION_COMMENTS = YES;
				CLANG_WARN_EMPTY_BODY = YES;
				CLANG_WARN_ENUM_CONVERSION = YES;
				CLANG_WARN_INFINITE_RECURSION = YES;
				CLANG_WARN_INT_CONVERSION = YES;
				CLANG_WARN_NON_LITERAL_NULL_CONVERSION = YES;
				CLANG_WARN_OBJC_IMPLICIT_RETAIN_SELF = YES;
				CLANG_WARN_OBJC_LITERAL_CONVERSION = YES;
				CLANG_WARN_OBJC_ROOT_CLASS = YES_ERROR;
				CLANG_WARN_QUOTED_INCLUDE_IN_FRAMEWORK_HEADER = YES;
				CLANG_WARN_RANGE_LOOP_ANALYSIS = YES;
				CLANG_WARN_STRICT_PROTOTYPES = YES;
				CLANG_WARN_SUSPICIOUS_MOVE = YES;
				CLANG_WARN_UNGUARDED_AVAILABILITY = YES_AGGRESSIVE;
				CLANG_WARN_UNREACHABLE_CODE = YES;
				CLANG_WARN__DUPLICATE_METHOD_MATCH = YES;
				COPY_PHASE_STRIP = NO;
				DEBUG_INFORMATION_FORMAT = dwarf;
				ENABLE_STRICT_OBJC_MSGSEND = YES;
				ENABLE_TESTABILITY = YES;
				GCC_C_LANGUAGE_STANDARD = gnu11;
				GCC_DYNAMIC_NO_PIC = NO;
				GCC_NO_COMMON_BLOCKS = YES;
				GCC_OPTIMIZATION_LEVEL = 0;
				GCC_PREPROCESSOR_DEFINITIONS = (
					"DEBUG=1",
					"$(inherited)",
				);
				GCC_WARN_64_TO_32_BIT_CONVERSION = YES;
				GCC_WARN_ABOUT_RETURN_TYPE = YES_ERROR;
				GCC_WARN_UNDECLARED_SELECTOR = YES;
				GCC_WARN_UNINITIALIZED_AUTOS = YES_AGGRESSIVE;
				GCC_WARN_UNUSED_FUNCTION = YES;
				GCC_WARN_UNUSED_VARIABLE = YES;
				IPHONEOS_DEPLOYMENT_TARGET = 15.0;
				MTL_ENABLE_DEBUG_INFO = INCLUDE_SOURCE;
				MTL_FAST_MATH = YES;
				ONLY_ACTIVE_ARCH = YES;
				SDKROOT = iphoneos;
				SWIFT_ACTIVE_COMPILATION_CONDITIONS = DEBUG;
				SWIFT_OPTIMIZATION_LEVEL = "-Onone";
			};
			name = Debug;
		};
		1B3B1976273CCF0100ED546A /* Release */ = {
			isa = XCBuildConfiguration;
			buildSettings = {
				ALWAYS_SEARCH_USER_PATHS = NO;
				CLANG_ANALYZER_NONNULL = YES;
				CLANG_ANALYZER_NUMBER_OBJECT_CONVERSION = YES_AGGRESSIVE;
				CLANG_CXX_LANGUAGE_STANDARD = "gnu++17";
				CLANG_CXX_LIBRARY = "libc++";
				CLANG_ENABLE_MODULES = YES;
				CLANG_ENABLE_OBJC_ARC = YES;
				CLANG_ENABLE_OBJC_WEAK = YES;
				CLANG_WARN_BLOCK_CAPTURE_AUTORELEASING = YES;
				CLANG_WARN_BOOL_CONVERSION = YES;
				CLANG_WARN_COMMA = YES;
				CLANG_WARN_CONSTANT_CONVERSION = YES;
				CLANG_WARN_DEPRECATED_OBJC_IMPLEMENTATIONS = YES;
				CLANG_WARN_DIRECT_OBJC_ISA_USAGE = YES_ERROR;
				CLANG_WARN_DOCUMENTATION_COMMENTS = YES;
				CLANG_WARN_EMPTY_BODY = YES;
				CLANG_WARN_ENUM_CONVERSION = YES;
				CLANG_WARN_INFINITE_RECURSION = YES;
				CLANG_WARN_INT_CONVERSION = YES;
				CLANG_WARN_NON_LITERAL_NULL_CONVERSION = YES;
				CLANG_WARN_OBJC_IMPLICIT_RETAIN_SELF = YES;
				CLANG_WARN_OBJC_LITERAL_CONVERSION = YES;
				CLANG_WARN_OBJC_ROOT_CLASS = YES_ERROR;
				CLANG_WARN_QUOTED_INCLUDE_IN_FRAMEWORK_HEADER = YES;
				CLANG_WARN_RANGE_LOOP_ANALYSIS = YES;
				CLANG_WARN_STRICT_PROTOTYPES = YES;
				CLANG_WARN_SUSPICIOUS_MOVE = YES;
				CLANG_WARN_UNGUARDED_AVAILABILITY = YES_AGGRESSIVE;
				CLANG_WARN_UNREACHABLE_CODE = YES;
				CLANG_WARN__DUPLICATE_METHOD_MATCH = YES;
				COPY_PHASE_STRIP = NO;
				DEBUG_INFORMATION_FORMAT = "dwarf-with-dsym";
				ENABLE_NS_ASSERTIONS = NO;
				ENABLE_STRICT_OBJC_MSGSEND = YES;
				GCC_C_LANGUAGE_STANDARD = gnu11;
				GCC_NO_COMMON_BLOCKS = YES;
				GCC_WARN_64_TO_32_BIT_CONVERSION = YES;
				GCC_WARN_ABOUT_RETURN_TYPE = YES_ERROR;
				GCC_WARN_UNDECLARED_SELECTOR = YES;
				GCC_WARN_UNINITIALIZED_AUTOS = YES_AGGRESSIVE;
				GCC_WARN_UNUSED_FUNCTION = YES;
				GCC_WARN_UNUSED_VARIABLE = YES;
				IPHONEOS_DEPLOYMENT_TARGET = 15.0;
				MTL_ENABLE_DEBUG_INFO = NO;
				MTL_FAST_MATH = YES;
				SDKROOT = iphoneos;
				SWIFT_COMPILATION_MODE = wholemodule;
				SWIFT_OPTIMIZATION_LEVEL = "-O";
				VALIDATE_PRODUCT = YES;
			};
			name = Release;
		};
		1B3B1978273CCF0100ED546A /* Debug */ = {
			isa = XCBuildConfiguration;
			buildSettings = {
				ASSETCATALOG_COMPILER_APPICON_NAME = AppIcon;
				ASSETCATALOG_COMPILER_GLOBAL_ACCENT_COLOR_NAME = AccentColor;
				CODE_SIGN_STYLE = Automatic;
				CURRENT_PROJECT_VERSION = 1;
				DEVELOPMENT_ASSET_PATHS = "\"SwiftUI_ButtonStyle_tutorial_#8/Preview Content\"";
				DEVELOPMENT_TEAM = AMF27YMSLK;
				ENABLE_PREVIEWS = YES;
				GENERATE_INFOPLIST_FILE = YES;
				INFOPLIST_KEY_UIApplicationSceneManifest_Generation = YES;
				INFOPLIST_KEY_UIApplicationSupportsIndirectInputEvents = YES;
				INFOPLIST_KEY_UILaunchScreen_Generation = YES;
				INFOPLIST_KEY_UISupportedInterfaceOrientations_iPad = "UIInterfaceOrientationPortrait UIInterfaceOrientationPortraitUpsideDown UIInterfaceOrientationLandscapeLeft UIInterfaceOrientationLandscapeRight";
				INFOPLIST_KEY_UISupportedInterfaceOrientations_iPhone = "UIInterfaceOrientationPortrait UIInterfaceOrientationLandscapeLeft UIInterfaceOrientationLandscapeRight";
				LD_RUNPATH_SEARCH_PATHS = (
					"$(inherited)",
					"@executable_path/Frameworks",
				);
				MARKETING_VERSION = 1.0;
				PRODUCT_BUNDLE_IDENTIFIER = "luck-woo.SwiftUI-ButtonStyle-tutorial--8";
				PRODUCT_NAME = "$(TARGET_NAME)";
				SWIFT_EMIT_LOC_STRINGS = YES;
				SWIFT_VERSION = 5.0;
				TARGETED_DEVICE_FAMILY = "1,2";
			};
			name = Debug;
		};
		1B3B1979273CCF0100ED546A /* Release */ = {
			isa = XCBuildConfiguration;
			buildSettings = {
				ASSETCATALOG_COMPILER_APPICON_NAME = AppIcon;
				ASSETCATALOG_COMPILER_GLOBAL_ACCENT_COLOR_NAME = AccentColor;
				CODE_SIGN_STYLE = Automatic;
				CURRENT_PROJECT_VERSION = 1;
				DEVELOPMENT_ASSET_PATHS = "\"SwiftUI_ButtonStyle_tutorial_#8/Preview Content\"";
				DEVELOPMENT_TEAM = AMF27YMSLK;
				ENABLE_PREVIEWS = YES;
				GENERATE_INFOPLIST_FILE = YES;
				INFOPLIST_KEY_UIApplicationSceneManifest_Generation = YES;
				INFOPLIST_KEY_UIApplicationSupportsIndirectInputEvents = YES;
				INFOPLIST_KEY_UILaunchScreen_Generation = YES;
				INFOPLIST_KEY_UISupportedInterfaceOrientations_iPad = "UIInterfaceOrientationPortrait UIInterfaceOrientationPortraitUpsideDown UIInterfaceOrientationLandscapeLeft UIInterfaceOrientationLandscapeRight";
				INFOPLIST_KEY_UISupportedInterfaceOrientations_iPhone = "UIInterfaceOrientationPortrait UIInterfaceOrientationLandscapeLeft UIInterfaceOrientationLandscapeRight";
				LD_RUNPATH_SEARCH_PATHS = (
					"$(inherited)",
					"@executable_path/Frameworks",
				);
				MARKETING_VERSION = 1.0;
				PRODUCT_BUNDLE_IDENTIFIER = "luck-woo.SwiftUI-ButtonStyle-tutorial--8";
				PRODUCT_NAME = "$(TARGET_NAME)";
				SWIFT_EMIT_LOC_STRINGS = YES;
				SWIFT_VERSION = 5.0;
				TARGETED_DEVICE_FAMILY = "1,2";
			};
			name = Release;
		};
/* End XCBuildConfiguration section */

/* Begin XCConfigurationList section */
		1B3B1964273CCEFC00ED546A /* Build configuration list for PBXProject "SwiftUI_ButtonStyle_tutorial_#8" */ = {
			isa = XCConfigurationList;
			buildConfigurations = (
				1B3B1975273CCF0100ED546A /* Debug */,
				1B3B1976273CCF0100ED546A /* Release */,
			);
			defaultConfigurationIsVisible = 0;
			defaultConfigurationName = Release;
		};
		1B3B1977273CCF0100ED546A /* Build configuration list for PBXNativeTarget "SwiftUI_ButtonStyle_tutorial_#8" */ = {
			isa = XCConfigurationList;
			buildConfigurations = (
				1B3B1978273CCF0100ED546A /* Debug */,
				1B3B1979273CCF0100ED546A /* Release */,
			);
			defaultConfigurationIsVisible = 0;
			defaultConfigurationName = Release;
		};
/* End XCConfigurationList section */
	};
	rootObject = 1B3B1961273CCEFC00ED546A /* Project object */;
}
