// !$*UTF8*$!
{
	archiveVersion = 1;
	classes = {
	};
	objectVersion = 55;
	objects = {

/* Begin PBXBuildFile section */
		1B60DA362754996E00C9EB78 /* SwiftUI_Redux_tutorial__15App.swift in Sources */ = {isa = PBXBuildFile; fileRef = 1B60DA352754996E00C9EB78 /* SwiftUI_Redux_tutorial__15App.swift */; };
		1B60DA382754996E00C9EB78 /* ContentView.swift in Sources */ = {isa = PBXBuildFile; fileRef = 1B60DA372754996E00C9EB78 /* ContentView.swift */; };
		1B60DA3A2754997000C9EB78 /* Assets.xcassets in Resources */ = {isa = PBXBuildFile; fileRef = 1B60DA392754997000C9EB78 /* Assets.xcassets */; };
		1B60DA3D2754997000C9EB78 /* Preview Assets.xcassets in Resources */ = {isa = PBXBuildFile; fileRef = 1B60DA3C2754997000C9EB78 /* Preview Assets.xcassets */; };
		1B60DA442754998F00C9EB78 /* DiceView.swift in Sources */ = {isa = PBXBuildFile; fileRef = 1B60DA432754998F00C9EB78 /* DiceView.swift */; };
		1B60DA4627549CAD00C9EB78 /* MyButtonStyle.swift in Sources */ = {isa = PBXBuildFile; fileRef = 1B60DA4527549CAD00C9EB78 /* MyButtonStyle.swift */; };
		1B60DA482754AB2400C9EB78 /* AppState.swift in Sources */ = {isa = PBXBuildFile; fileRef = 1B60DA472754AB2400C9EB78 /* AppState.swift */; };
		1B60DA4A2754AB6900C9EB78 /* AppAction.swift in Sources */ = {isa = PBXBuildFile; fileRef = 1B60DA492754AB6900C9EB78 /* AppAction.swift */; };
		1B60DA4C2754ABB800C9EB78 /* Reducer.swift in Sources */ = {isa = PBXBuildFile; fileRef = 1B60DA4B2754ABB800C9EB78 /* Reducer.swift */; };
		1B60DA4E2754B20900C9EB78 /* AppStore.swift in Sources */ = {isa = PBXBuildFile; fileRef = 1B60DA4D2754B20900C9EB78 /* AppStore.swift */; };
/* End PBXBuildFile section */

/* Begin PBXFileReference section */
		1B60DA322754996E00C9EB78 /* SwiftUI_Redux_tutorial_#15.app */ = {isa = PBXFileReference; explicitFileType = wrapper.application; includeInIndex = 0; path = "SwiftUI_Redux_tutorial_#15.app"; sourceTree = BUILT_PRODUCTS_DIR; };
		1B60DA352754996E00C9EB78 /* SwiftUI_Redux_tutorial__15App.swift */ = {isa = PBXFileReference; lastKnownFileType = sourcecode.swift; path = SwiftUI_Redux_tutorial__15App.swift; sourceTree = "<group>"; };
		1B60DA372754996E00C9EB78 /* ContentView.swift */ = {isa = PBXFileReference; lastKnownFileType = sourcecode.swift; path = ContentView.swift; sourceTree = "<group>"; };
		1B60DA392754997000C9EB78 /* Assets.xcassets */ = {isa = PBXFileReference; lastKnownFileType = folder.assetcatalog; path = Assets.xcassets; sourceTree = "<group>"; };
		1B60DA3C2754997000C9EB78 /* Preview Assets.xcassets */ = {isa = PBXFileReference; lastKnownFileType = folder.assetcatalog; path = "Preview Assets.xcassets"; sourceTree = "<group>"; };
		1B60DA432754998F00C9EB78 /* DiceView.swift */ = {isa = PBXFileReference; lastKnownFileType = sourcecode.swift; path = DiceView.swift; sourceTree = "<group>"; };
		1B60DA4527549CAD00C9EB78 /* MyButtonStyle.swift */ = {isa = PBXFileReference; lastKnownFileType = sourcecode.swift; path = MyButtonStyle.swift; sourceTree = "<group>"; };
		1B60DA472754AB2400C9EB78 /* AppState.swift */ = {isa = PBXFileReference; lastKnownFileType = sourcecode.swift; path = AppState.swift; sourceTree = "<group>"; };
		1B60DA492754AB6900C9EB78 /* AppAction.swift */ = {isa = PBXFileReference; lastKnownFileType = sourcecode.swift; path = AppAction.swift; sourceTree = "<group>"; };
		1B60DA4B2754ABB800C9EB78 /* Reducer.swift */ = {isa = PBXFileReference; lastKnownFileType = sourcecode.swift; path = Reducer.swift; sourceTree = "<group>"; };
		1B60DA4D2754B20900C9EB78 /* AppStore.swift */ = {isa = PBXFileReference; lastKnownFileType = sourcecode.swift; path = AppStore.swift; sourceTree = "<group>"; };
/* End PBXFileReference section */

/* Begin PBXFrameworksBuildPhase section */
		1B60DA2F2754996E00C9EB78 /* Frameworks */ = {
			isa = PBXFrameworksBuildPhase;
			buildActionMask = 2147483647;
			files = (
			);
			runOnlyForDeploymentPostprocessing = 0;
		};
/* End PBXFrameworksBuildPhase section */

/* Begin PBXGroup section */
		1B60DA292754996D00C9EB78 = {
			isa = PBXGroup;
			children = (
				1B60DA342754996E00C9EB78 /* SwiftUI_Redux_tutorial_#15 */,
				1B60DA332754996E00C9EB78 /* Products */,
			);
			sourceTree = "<group>";
		};
		1B60DA332754996E00C9EB78 /* Products */ = {
			isa = PBXGroup;
			children = (
				1B60DA322754996E00C9EB78 /* SwiftUI_Redux_tutorial_#15.app */,
			);
			name = Products;
			sourceTree = "<group>";
		};
		1B60DA342754996E00C9EB78 /* SwiftUI_Redux_tutorial_#15 */ = {
			isa = PBXGroup;
			children = (
				1B60DA352754996E00C9EB78 /* SwiftUI_Redux_tutorial__15App.swift */,
				1B60DA472754AB2400C9EB78 /* AppState.swift */,
				1B60DA492754AB6900C9EB78 /* AppAction.swift */,
				1B60DA4B2754ABB800C9EB78 /* Reducer.swift */,
				1B60DA4D2754B20900C9EB78 /* AppStore.swift */,
				1B60DA372754996E00C9EB78 /* ContentView.swift */,
				1B60DA432754998F00C9EB78 /* DiceView.swift */,
				1B60DA4527549CAD00C9EB78 /* MyButtonStyle.swift */,
				1B60DA392754997000C9EB78 /* Assets.xcassets */,
				1B60DA3B2754997000C9EB78 /* Preview Content */,
			);
			path = "SwiftUI_Redux_tutorial_#15";
			sourceTree = "<group>";
		};
		1B60DA3B2754997000C9EB78 /* Preview Content */ = {
			isa = PBXGroup;
			children = (
				1B60DA3C2754997000C9EB78 /* Preview Assets.xcassets */,
			);
			path = "Preview Content";
			sourceTree = "<group>";
		};
/* End PBXGroup section */

/* Begin PBXNativeTarget section */
		1B60DA312754996E00C9EB78 /* SwiftUI_Redux_tutorial_#15 */ = {
			isa = PBXNativeTarget;
			buildConfigurationList = 1B60DA402754997000C9EB78 /* Build configuration list for PBXNativeTarget "SwiftUI_Redux_tutorial_#15" */;
			buildPhases = (
				1B60DA2E2754996E00C9EB78 /* Sources */,
				1B60DA2F2754996E00C9EB78 /* Frameworks */,
				1B60DA302754996E00C9EB78 /* Resources */,
			);
			buildRules = (
			);
			dependencies = (
			);
			name = "SwiftUI_Redux_tutorial_#15";
			productName = "SwiftUI_Redux_tutorial_#15";
			productReference = 1B60DA322754996E00C9EB78 /* SwiftUI_Redux_tutorial_#15.app */;
			productType = "com.apple.product-type.application";
		};
/* End PBXNativeTarget section */

/* Begin PBXProject section */
		1B60DA2A2754996D00C9EB78 /* Project object */ = {
			isa = PBXProject;
			attributes = {
				BuildIndependentTargetsInParallel = 1;
				LastSwiftUpdateCheck = 1310;
				LastUpgradeCheck = 1310;
				TargetAttributes = {
					1B60DA312754996E00C9EB78 = {
						CreatedOnToolsVersion = 13.1;
					};
				};
			};
			buildConfigurationList = 1B60DA2D2754996D00C9EB78 /* Build configuration list for PBXProject "SwiftUI_Redux_tutorial_#15" */;
			compatibilityVersion = "Xcode 13.0";
			developmentRegion = en;
			hasScannedForEncodings = 0;
			knownRegions = (
				en,
				Base,
			);
			mainGroup = 1B60DA292754996D00C9EB78;
			productRefGroup = 1B60DA332754996E00C9EB78 /* Products */;
			projectDirPath = "";
			projectRoot = "";
			targets = (
				1B60DA312754996E00C9EB78 /* SwiftUI_Redux_tutorial_#15 */,
			);
		};
/* End PBXProject section */

/* Begin PBXResourcesBuildPhase section */
		1B60DA302754996E00C9EB78 /* Resources */ = {
			isa = PBXResourcesBuildPhase;
			buildActionMask = 2147483647;
			files = (
				1B60DA3D2754997000C9EB78 /* Preview Assets.xcassets in Resources */,
				1B60DA3A2754997000C9EB78 /* Assets.xcassets in Resources */,
			);
			runOnlyForDeploymentPostprocessing = 0;
		};
/* End PBXResourcesBuildPhase section */

/* Begin PBXSourcesBuildPhase section */
		1B60DA2E2754996E00C9EB78 /* Sources */ = {
			isa = PBXSourcesBuildPhase;
			buildActionMask = 2147483647;
			files = (
				1B60DA382754996E00C9EB78 /* ContentView.swift in Sources */,
				1B60DA4A2754AB6900C9EB78 /* AppAction.swift in Sources */,
				1B60DA482754AB2400C9EB78 /* AppState.swift in Sources */,
				1B60DA4627549CAD00C9EB78 /* MyButtonStyle.swift in Sources */,
				1B60DA4C2754ABB800C9EB78 /* Reducer.swift in Sources */,
				1B60DA442754998F00C9EB78 /* DiceView.swift in Sources */,
				1B60DA362754996E00C9EB78 /* SwiftUI_Redux_tutorial__15App.swift in Sources */,
				1B60DA4E2754B20900C9EB78 /* AppStore.swift in Sources */,
			);
			runOnlyForDeploymentPostprocessing = 0;
		};
/* End PBXSourcesBuildPhase section */

/* Begin XCBuildConfiguration section */
		1B60DA3E2754997000C9EB78 /* Debug */ = {
			isa = XCBuildConfiguration;
			buildSettings = {
				ALWAYS_SEARCH_USER_PATHS = NO;
				CLANG_ANALYZER_NONNULL = YES;
				CLANG_ANALYZER_NUMBER_OBJECT_CONVERSION = YES_AGGRESSIVE;
				CLANG_CXX_LANGUAGE_STANDARD = "gnu++17";
				CLANG_CXX_LIBRARY = "libc++";
				CLANG_ENABLE_MODULES = YES;
				CLANG_ENABLE_OBJC_ARC = YES;
				CLANG_ENABLE_OBJC_WEAK = YES;
				CLANG_WARN_BLOCK_CAPTURE_AUTORELEASING = YES;
				CLANG_WARN_BOOL_CONVERSION = YES;
				CLANG_WARN_COMMA = YES;
				CLANG_WARN_CONSTANT_CONVERSION = YES;
				CLANG_WARN_DEPRECATED_OBJC_IMPLEMENTATIONS = YES;
				CLANG_WARN_DIRECT_OBJC_ISA_USAGE = YES_ERROR;
				CLANG_WARN_DOCUMENTATION_COMMENTS = YES;
				CLANG_WARN_EMPTY_BODY = YES;
				CLANG_WARN_ENUM_CONVERSION = YES;
				CLANG_WARN_INFINITE_RECURSION = YES;
				CLANG_WARN_INT_CONVERSION = YES;
				CLANG_WARN_NON_LITERAL_NULL_CONVERSION = YES;
				CLANG_WARN_OBJC_IMPLICIT_RETAIN_SELF = YES;
				CLANG_WARN_OBJC_LITERAL_CONVERSION = YES;
				CLANG_WARN_OBJC_ROOT_CLASS = YES_ERROR;
				CLANG_WARN_QUOTED_INCLUDE_IN_FRAMEWORK_HEADER = YES;
				CLANG_WARN_RANGE_LOOP_ANALYSIS = YES;
				CLANG_WARN_STRICT_PROTOTYPES = YES;
				CLANG_WARN_SUSPICIOUS_MOVE = YES;
				CLANG_WARN_UNGUARDED_AVAILABILITY = YES_AGGRESSIVE;
				CLANG_WARN_UNREACHABLE_CODE = YES;
				CLANG_WARN__DUPLICATE_METHOD_MATCH = YES;
				COPY_PHASE_STRIP = NO;
				DEBUG_INFORMATION_FORMAT = dwarf;
				ENABLE_STRICT_OBJC_MSGSEND = YES;
				ENABLE_TESTABILITY = YES;
				GCC_C_LANGUAGE_STANDARD = gnu11;
				GCC_DYNAMIC_NO_PIC = NO;
				GCC_NO_COMMON_BLOCKS = YES;
				GCC_OPTIMIZATION_LEVEL = 0;
				GCC_PREPROCESSOR_DEFINITIONS = (
					"DEBUG=1",
					"$(inherited)",
				);
				GCC_WARN_64_TO_32_BIT_CONVERSION = YES;
				GCC_WARN_ABOUT_RETURN_TYPE = YES_ERROR;
				GCC_WARN_UNDECLARED_SELECTOR = YES;
				GCC_WARN_UNINITIALIZED_AUTOS = YES_AGGRESSIVE;
				GCC_WARN_UNUSED_FUNCTION = YES;
				GCC_WARN_UNUSED_VARIABLE = YES;
				IPHONEOS_DEPLOYMENT_TARGET = 15.0;
				MTL_ENABLE_DEBUG_INFO = INCLUDE_SOURCE;
				MTL_FAST_MATH = YES;
				ONLY_ACTIVE_ARCH = YES;
				SDKROOT = iphoneos;
				SWIFT_ACTIVE_COMPILATION_CONDITIONS = DEBUG;
				SWIFT_OPTIMIZATION_LEVEL = "-Onone";
			};
			name = Debug;
		};
		1B60DA3F2754997000C9EB78 /* Release */ = {
			isa = XCBuildConfiguration;
			buildSettings = {
				ALWAYS_SEARCH_USER_PATHS = NO;
				CLANG_ANALYZER_NONNULL = YES;
				CLANG_ANALYZER_NUMBER_OBJECT_CONVERSION = YES_AGGRESSIVE;
				CLANG_CXX_LANGUAGE_STANDARD = "gnu++17";
				CLANG_CXX_LIBRARY = "libc++";
				CLANG_ENABLE_MODULES = YES;
				CLANG_ENABLE_OBJC_ARC = YES;
				CLANG_ENABLE_OBJC_WEAK = YES;
				CLANG_WARN_BLOCK_CAPTURE_AUTORELEASING = YES;
				CLANG_WARN_BOOL_CONVERSION = YES;
				CLANG_WARN_COMMA = YES;
				CLANG_WARN_CONSTANT_CONVERSION = YES;
				CLANG_WARN_DEPRECATED_OBJC_IMPLEMENTATIONS = YES;
				CLANG_WARN_DIRECT_OBJC_ISA_USAGE = YES_ERROR;
				CLANG_WARN_DOCUMENTATION_COMMENTS = YES;
				CLANG_WARN_EMPTY_BODY = YES;
				CLANG_WARN_ENUM_CONVERSION = YES;
				CLANG_WARN_INFINITE_RECURSION = YES;
				CLANG_WARN_INT_CONVERSION = YES;
				CLANG_WARN_NON_LITERAL_NULL_CONVERSION = YES;
				CLANG_WARN_OBJC_IMPLICIT_RETAIN_SELF = YES;
				CLANG_WARN_OBJC_LITERAL_CONVERSION = YES;
				CLANG_WARN_OBJC_ROOT_CLASS = YES_ERROR;
				CLANG_WARN_QUOTED_INCLUDE_IN_FRAMEWORK_HEADER = YES;
				CLANG_WARN_RANGE_LOOP_ANALYSIS = YES;
				CLANG_WARN_STRICT_PROTOTYPES = YES;
				CLANG_WARN_SUSPICIOUS_MOVE = YES;
				CLANG_WARN_UNGUARDED_AVAILABILITY = YES_AGGRESSIVE;
				CLANG_WARN_UNREACHABLE_CODE = YES;
				CLANG_WARN__DUPLICATE_METHOD_MATCH = YES;
				COPY_PHASE_STRIP = NO;
				DEBUG_INFORMATION_FORMAT = "dwarf-with-dsym";
				ENABLE_NS_ASSERTIONS = NO;
				ENABLE_STRICT_OBJC_MSGSEND = YES;
				GCC_C_LANGUAGE_STANDARD = gnu11;
				GCC_NO_COMMON_BLOCKS = YES;
				GCC_WARN_64_TO_32_BIT_CONVERSION = YES;
				GCC_WARN_ABOUT_RETURN_TYPE = YES_ERROR;
				GCC_WARN_UNDECLARED_SELECTOR = YES;
				GCC_WARN_UNINITIALIZED_AUTOS = YES_AGGRESSIVE;
				GCC_WARN_UNUSED_FUNCTION = YES;
				GCC_WARN_UNUSED_VARIABLE = YES;
				IPHONEOS_DEPLOYMENT_TARGET = 15.0;
				MTL_ENABLE_DEBUG_INFO = NO;
				MTL_FAST_MATH = YES;
				SDKROOT = iphoneos;
				SWIFT_COMPILATION_MODE = wholemodule;
				SWIFT_OPTIMIZATION_LEVEL = "-O";
				VALIDATE_PRODUCT = YES;
			};
			name = Release;
		};
		1B60DA412754997000C9EB78 /* Debug */ = {
			isa = XCBuildConfiguration;
			buildSettings = {
				ASSETCATALOG_COMPILER_APPICON_NAME = AppIcon;
				ASSETCATALOG_COMPILER_GLOBAL_ACCENT_COLOR_NAME = AccentColor;
				CODE_SIGN_STYLE = Automatic;
				CURRENT_PROJECT_VERSION = 1;
				DEVELOPMENT_ASSET_PATHS = "\"SwiftUI_Redux_tutorial_#15/Preview Content\"";
				DEVELOPMENT_TEAM = AMF27YMSLK;
				ENABLE_PREVIEWS = YES;
				GENERATE_INFOPLIST_FILE = YES;
				INFOPLIST_KEY_UIApplicationSceneManifest_Generation = YES;
				INFOPLIST_KEY_UIApplicationSupportsIndirectInputEvents = YES;
				INFOPLIST_KEY_UILaunchScreen_Generation = YES;
				INFOPLIST_KEY_UISupportedInterfaceOrientations_iPad = "UIInterfaceOrientationPortrait UIInterfaceOrientationPortraitUpsideDown UIInterfaceOrientationLandscapeLeft UIInterfaceOrientationLandscapeRight";
				INFOPLIST_KEY_UISupportedInterfaceOrientations_iPhone = "UIInterfaceOrientationPortrait UIInterfaceOrientationLandscapeLeft UIInterfaceOrientationLandscapeRight";
				LD_RUNPATH_SEARCH_PATHS = (
					"$(inherited)",
					"@executable_path/Frameworks",
				);
				MARKETING_VERSION = 1.0;
				PRODUCT_BUNDLE_IDENTIFIER = "luck-woo.SwiftUI-Redux-tutorial--15";
				PRODUCT_NAME = "$(TARGET_NAME)";
				SWIFT_EMIT_LOC_STRINGS = YES;
				SWIFT_VERSION = 5.0;
				TARGETED_DEVICE_FAMILY = "1,2";
			};
			name = Debug;
		};
		1B60DA422754997000C9EB78 /* Release */ = {
			isa = XCBuildConfiguration;
			buildSettings = {
				ASSETCATALOG_COMPILER_APPICON_NAME = AppIcon;
				ASSETCATALOG_COMPILER_GLOBAL_ACCENT_COLOR_NAME = AccentColor;
				CODE_SIGN_STYLE = Automatic;
				CURRENT_PROJECT_VERSION = 1;
				DEVELOPMENT_ASSET_PATHS = "\"SwiftUI_Redux_tutorial_#15/Preview Content\"";
				DEVELOPMENT_TEAM = AMF27YMSLK;
				ENABLE_PREVIEWS = YES;
				GENERATE_INFOPLIST_FILE = YES;
				INFOPLIST_KEY_UIApplicationSceneManifest_Generation = YES;
				INFOPLIST_KEY_UIApplicationSupportsIndirectInputEvents = YES;
				INFOPLIST_KEY_UILaunchScreen_Generation = YES;
				INFOPLIST_KEY_UISupportedInterfaceOrientations_iPad = "UIInterfaceOrientationPortrait UIInterfaceOrientationPortraitUpsideDown UIInterfaceOrientationLandscapeLeft UIInterfaceOrientationLandscapeRight";
				INFOPLIST_KEY_UISupportedInterfaceOrientations_iPhone = "UIInterfaceOrientationPortrait UIInterfaceOrientationLandscapeLeft UIInterfaceOrientationLandscapeRight";
				LD_RUNPATH_SEARCH_PATHS = (
					"$(inherited)",
					"@executable_path/Frameworks",
				);
				MARKETING_VERSION = 1.0;
				PRODUCT_BUNDLE_IDENTIFIER = "luck-woo.SwiftUI-Redux-tutorial--15";
				PRODUCT_NAME = "$(TARGET_NAME)";
				SWIFT_EMIT_LOC_STRINGS = YES;
				SWIFT_VERSION = 5.0;
				TARGETED_DEVICE_FAMILY = "1,2";
			};
			name = Release;
		};
/* End XCBuildConfiguration section */

/* Begin XCConfigurationList section */
		1B60DA2D2754996D00C9EB78 /* Build configuration list for PBXProject "SwiftUI_Redux_tutorial_#15" */ = {
			isa = XCConfigurationList;
			buildConfigurations = (
				1B60DA3E2754997000C9EB78 /* Debug */,
				1B60DA3F2754997000C9EB78 /* Release */,
			);
			defaultConfigurationIsVisible = 0;
			defaultConfigurationName = Release;
		};
		1B60DA402754997000C9EB78 /* Build configuration list for PBXNativeTarget "SwiftUI_Redux_tutorial_#15" */ = {
			isa = XCConfigurationList;
			buildConfigurations = (
				1B60DA412754997000C9EB78 /* Debug */,
				1B60DA422754997000C9EB78 /* Release */,
			);
			defaultConfigurationIsVisible = 0;
			defaultConfigurationName = Release;
		};
/* End XCConfigurationList section */
	};
	rootObject = 1B60DA2A2754996D00C9EB78 /* Project object */;
}
